Microsoft Visual Studio Solution File, Format Version 12.00
# Visual Studio Version 17
VisualStudioVersion = 17.0.31912.275
MinimumVisualStudioVersion = 10.0.40219.1
Project("{9A19103F-16F7-4668-BE54-9A1E7A4F7556}") = "XenonClinic.Core", "XenonClinic.Core\XenonClinic.Core.csproj", "{f9fe2d80-739b-46d9-bbff-f154f5d15835}"
EndProject
Project("{9A19103F-16F7-4668-BE54-9A1E7A4F7556}") = "XenonClinic.Infrastructure", "XenonClinic.Infrastructure\XenonClinic.Infrastructure.csproj", "{5d066e3a-b6e3-4d45-a337-aa813812d42a}"
EndProject
Project("{9A19103F-16F7-4668-BE54-9A1E7A4F7556}") = "XenonClinic.WorkflowEngine", "XenonClinic.WorkflowEngine\XenonClinic.WorkflowEngine.csproj", "{a8c7d4e5-f6b9-4321-9abc-def012345678}"
EndProject
Project("{9A19103F-16F7-4668-BE54-9A1E7A4F7556}") = "XenonClinic.WorkflowEngine.Tests", "XenonClinic.WorkflowEngine.Tests\XenonClinic.WorkflowEngine.Tests.csproj", "{b1c2d3e4-f5a6-4789-0123-456789abcdef}"
EndProject
Project("{9A19103F-16F7-4668-BE54-9A1E7A4F7556}") = "XenonClinic.Api", "XenonClinic.Api\XenonClinic.Api.csproj", "{c2d3e4f5-a6b7-4890-1234-567890abcdef}"
EndProject
Project("{9A19103F-16F7-4668-BE54-9A1E7A4F7556}") = "XenonClinic.Tests", "XenonClinic.Tests\XenonClinic.Tests.csproj", "{d3e4f5a6-b7c8-4901-2345-67890abcdef1}"
EndProject
Global
GlobalSection(SolutionConfigurationPlatforms) = preSolution
Debug|Any CPU = Debug|Any CPU
Release|Any CPU = Release|Any CPU
EndGlobalSection
GlobalSection(ProjectConfigurationPlatforms) = postSolution
{f9fe2d80-739b-46d9-bbff-f154f5d15835}.Debug|Any CPU.ActiveCfg = Debug|Any CPU
{f9fe2d80-739b-46d9-bbff-f154f5d15835}.Debug|Any CPU.Build.0 = Debug|Any CPU
{f9fe2d80-739b-46d9-bbff-f154f5d15835}.Release|Any CPU.ActiveCfg = Release|Any CPU
{f9fe2d80-739b-46d9-bbff-f154f5d15835}.Release|Any CPU.Build.0 = Release|Any CPU
{5d066e3a-b6e3-4d45-a337-aa813812d42a}.Debug|Any CPU.ActiveCfg = Debug|Any CPU
{5d066e3a-b6e3-4d45-a337-aa813812d42a}.Debug|Any CPU.Build.0 = Debug|Any CPU
{5d066e3a-b6e3-4d45-a337-aa813812d42a}.Release|Any CPU.ActiveCfg = Release|Any CPU
{5d066e3a-b6e3-4d45-a337-aa813812d42a}.Release|Any CPU.Build.0 = Release|Any CPU
{a8c7d4e5-f6b9-4321-9abc-def012345678}.Debug|Any CPU.ActiveCfg = Debug|Any CPU
{a8c7d4e5-f6b9-4321-9abc-def012345678}.Debug|Any CPU.Build.0 = Debug|Any CPU
{a8c7d4e5-f6b9-4321-9abc-def012345678}.Release|Any CPU.ActiveCfg = Release|Any CPU
{a8c7d4e5-f6b9-4321-9abc-def012345678}.Release|Any CPU.Build.0 = Release|Any CPU
{b1c2d3e4-f5a6-4789-0123-456789abcdef}.Debug|Any CPU.ActiveCfg = Debug|Any CPU
{b1c2d3e4-f5a6-4789-0123-456789abcdef}.Debug|Any CPU.Build.0 = Debug|Any CPU
{b1c2d3e4-f5a6-4789-0123-456789abcdef}.Release|Any CPU.ActiveCfg = Release|Any CPU
{b1c2d3e4-f5a6-4789-0123-456789abcdef}.Release|Any CPU.Build.0 = Release|Any CPU
{c2d3e4f5-a6b7-4890-1234-567890abcdef}.Debug|Any CPU.ActiveCfg = Debug|Any CPU
{c2d3e4f5-a6b7-4890-1234-567890abcdef}.Debug|Any CPU.Build.0 = Debug|Any CPU
{c2d3e4f5-a6b7-4890-1234-567890abcdef}.Release|Any CPU.ActiveCfg = Release|Any CPU
{c2d3e4f5-a6b7-4890-1234-567890abcdef}.Release|Any CPU.Build.0 = Release|Any CPU
{d3e4f5a6-b7c8-4901-2345-67890abcdef1}.Debug|Any CPU.ActiveCfg = Debug|Any CPU
{d3e4f5a6-b7c8-4901-2345-67890abcdef1}.Debug|Any CPU.Build.0 = Debug|Any CPU
{d3e4f5a6-b7c8-4901-2345-67890abcdef1}.Release|Any CPU.ActiveCfg = Release|Any CPU
{d3e4f5a6-b7c8-4901-2345-67890abcdef1}.Release|Any CPU.Build.0 = Release|Any CPU
EndGlobalSection
GlobalSection(SolutionProperties) = preSolution
HideSolutionNode = FALSE
EndGlobalSection
EndGlobal
